
Microsoft Visual Studio Solution File, Format Version 12.00
# Visual Studio Version 17
VisualStudioVersion = 17.0.31919.166
MinimumVisualStudioVersion = 10.0.40219.1
Project("{9A19103F-16F7-4668-BE54-9A1E7A4F7556}") = "Contact.API", "Contact.API\Contact.API.csproj", "{4076051B-F549-4A50-9530-51750B258180}"
EndProject
Project("{9A19103F-16F7-4668-BE54-9A1E7A4F7556}") = "Report.API", "Report.API\Report.API.csproj", "{A45BB25C-C46C-4A86-9FAE-863389922D9D}"
EndProject
Project("{2150E333-8FDC-42A3-9474-1A3956D46DE8}") = "Contact", "Contact", "{D60CAA9F-B701-4E18-8810-E98FD2FC5CED}"
EndProject
Project("{9A19103F-16F7-4668-BE54-9A1E7A4F7556}") = "Contact.API.Data", "Contact.API.Data\Contact.API.Data.csproj", "{C8216F57-F058-48D6-9CA7-D5A4E448A712}"
EndProject
Project("{2150E333-8FDC-42A3-9474-1A3956D46DE8}") = "Report", "Report", "{E80BBCF5-A657-483E-A527-C237A1956E26}"
EndProject
Project("{2150E333-8FDC-42A3-9474-1A3956D46DE8}") = "Shared", "Shared", "{D1ED4F4F-AF85-460A-9002-E12D48D643E7}"
EndProject
Project("{9A19103F-16F7-4668-BE54-9A1E7A4F7556}") = "Contact.API.Domain", "Contact.API.Domain\Contact.API.Domain.csproj", "{34565F6D-9C3D-403E-9330-79196FA7AEF1}"
EndProject
Project("{9A19103F-16F7-4668-BE54-9A1E7A4F7556}") = "Contact.API.Test", "Contact.API.Test\Contact.API.Test.csproj", "{BE840401-8626-428E-B01E-30F2F7AFB508}"
EndProject
Project("{9A19103F-16F7-4668-BE54-9A1E7A4F7556}") = "Contact.Api.Service", "Contact.Api.Service\Contact.Api.Service.csproj", "{073148E0-EF7B-4284-8C87-DC97A5453D63}"
EndProject
Project("{9A19103F-16F7-4668-BE54-9A1E7A4F7556}") = "Domain", "Domain\Domain.csproj", "{86C8A88F-A89E-4762-AA1D-57879A961F0B}"
EndProject
Project("{9A19103F-16F7-4668-BE54-9A1E7A4F7556}") = "Report.API.Data", "Report.API.Data\Report.API.Data.csproj", "{E6C8D43F-7156-4384-810B-5B019E86875B}"
EndProject
Project("{9A19103F-16F7-4668-BE54-9A1E7A4F7556}") = "Report.API.Domain", "Report.API.Domain\Report.API.Domain.csproj", "{78042998-BE9C-48F3-97A7-01754868D9D3}"
EndProject
Project("{9A19103F-16F7-4668-BE54-9A1E7A4F7556}") = "Report.API.Service", "Report.API.Service\Report.API.Service.csproj", "{CBFCAC68-C475-4A77-946E-71043007BFDC}"
EndProject
Project("{9A19103F-16F7-4668-BE54-9A1E7A4F7556}") = "Report.API.Test", "Report.API.Test\Report.API.Test.csproj", "{00E5B683-C821-4CF8-8AF6-0A3F33C4EE4D}"
EndProject
Project("{9A19103F-16F7-4668-BE54-9A1E7A4F7556}") = "Report.API.Messaging", "Report.API.Messaging\Report.API.Messaging.csproj", "{AA0616FD-A8FC-4C1B-9876-99850FB2DDFC}"
EndProject
Global
	GlobalSection(SolutionConfigurationPlatforms) = preSolution
		Debug|Any CPU = Debug|Any CPU
		Release|Any CPU = Release|Any CPU
	EndGlobalSection
	GlobalSection(ProjectConfigurationPlatforms) = postSolution
		{4076051B-F549-4A50-9530-51750B258180}.Debug|Any CPU.ActiveCfg = Debug|Any CPU
		{4076051B-F549-4A50-9530-51750B258180}.Debug|Any CPU.Build.0 = Debug|Any CPU
		{4076051B-F549-4A50-9530-51750B258180}.Release|Any CPU.ActiveCfg = Release|Any CPU
		{4076051B-F549-4A50-9530-51750B258180}.Release|Any CPU.Build.0 = Release|Any CPU
		{A45BB25C-C46C-4A86-9FAE-863389922D9D}.Debug|Any CPU.ActiveCfg = Debug|Any CPU
		{A45BB25C-C46C-4A86-9FAE-863389922D9D}.Debug|Any CPU.Build.0 = Debug|Any CPU
		{A45BB25C-C46C-4A86-9FAE-863389922D9D}.Release|Any CPU.ActiveCfg = Release|Any CPU
		{A45BB25C-C46C-4A86-9FAE-863389922D9D}.Release|Any CPU.Build.0 = Release|Any CPU
		{C8216F57-F058-48D6-9CA7-D5A4E448A712}.Debug|Any CPU.ActiveCfg = Debug|Any CPU
		{C8216F57-F058-48D6-9CA7-D5A4E448A712}.Debug|Any CPU.Build.0 = Debug|Any CPU
		{C8216F57-F058-48D6-9CA7-D5A4E448A712}.Release|Any CPU.ActiveCfg = Release|Any CPU
		{C8216F57-F058-48D6-9CA7-D5A4E448A712}.Release|Any CPU.Build.0 = Release|Any CPU
		{34565F6D-9C3D-403E-9330-79196FA7AEF1}.Debug|Any CPU.ActiveCfg = Debug|Any CPU
		{34565F6D-9C3D-403E-9330-79196FA7AEF1}.Debug|Any CPU.Build.0 = Debug|Any CPU
		{34565F6D-9C3D-403E-9330-79196FA7AEF1}.Release|Any CPU.ActiveCfg = Release|Any CPU
		{34565F6D-9C3D-403E-9330-79196FA7AEF1}.Release|Any CPU.Build.0 = Release|Any CPU
		{BE840401-8626-428E-B01E-30F2F7AFB508}.Debug|Any CPU.ActiveCfg = Debug|Any CPU
		{BE840401-8626-428E-B01E-30F2F7AFB508}.Debug|Any CPU.Build.0 = Debug|Any CPU
		{BE840401-8626-428E-B01E-30F2F7AFB508}.Release|Any CPU.ActiveCfg = Release|Any CPU
		{BE840401-8626-428E-B01E-30F2F7AFB508}.Release|Any CPU.Build.0 = Release|Any CPU
		{073148E0-EF7B-4284-8C87-DC97A5453D63}.Debug|Any CPU.ActiveCfg = Debug|Any CPU
		{073148E0-EF7B-4284-8C87-DC97A5453D63}.Debug|Any CPU.Build.0 = Debug|Any CPU
		{073148E0-EF7B-4284-8C87-DC97A5453D63}.Release|Any CPU.ActiveCfg = Release|Any CPU
		{073148E0-EF7B-4284-8C87-DC97A5453D63}.Release|Any CPU.Build.0 = Release|Any CPU
		{86C8A88F-A89E-4762-AA1D-57879A961F0B}.Debug|Any CPU.ActiveCfg = Debug|Any CPU
		{86C8A88F-A89E-4762-AA1D-57879A961F0B}.Debug|Any CPU.Build.0 = Debug|Any CPU
		{86C8A88F-A89E-4762-AA1D-57879A961F0B}.Release|Any CPU.ActiveCfg = Release|Any CPU
		{86C8A88F-A89E-4762-AA1D-57879A961F0B}.Release|Any CPU.Build.0 = Release|Any CPU
		{E6C8D43F-7156-4384-810B-5B019E86875B}.Debug|Any CPU.ActiveCfg = Debug|Any CPU
		{E6C8D43F-7156-4384-810B-5B019E86875B}.Debug|Any CPU.Build.0 = Debug|Any CPU
		{E6C8D43F-7156-4384-810B-5B019E86875B}.Release|Any CPU.ActiveCfg = Release|Any CPU
		{E6C8D43F-7156-4384-810B-5B019E86875B}.Release|Any CPU.Build.0 = Release|Any CPU
		{78042998-BE9C-48F3-97A7-01754868D9D3}.Debug|Any CPU.ActiveCfg = Debug|Any CPU
		{78042998-BE9C-48F3-97A7-01754868D9D3}.Debug|Any CPU.Build.0 = Debug|Any CPU
		{78042998-BE9C-48F3-97A7-01754868D9D3}.Release|Any CPU.ActiveCfg = Release|Any CPU
		{78042998-BE9C-48F3-97A7-01754868D9D3}.Release|Any CPU.Build.0 = Release|Any CPU
		{CBFCAC68-C475-4A77-946E-71043007BFDC}.Debug|Any CPU.ActiveCfg = Debug|Any CPU
		{CBFCAC68-C475-4A77-946E-71043007BFDC}.Debug|Any CPU.Build.0 = Debug|Any CPU
		{CBFCAC68-C475-4A77-946E-71043007BFDC}.Release|Any CPU.ActiveCfg = Release|Any CPU
		{CBFCAC68-C475-4A77-946E-71043007BFDC}.Release|Any CPU.Build.0 = Release|Any CPU
		{00E5B683-C821-4CF8-8AF6-0A3F33C4EE4D}.Debug|Any CPU.ActiveCfg = Debug|Any CPU
		{00E5B683-C821-4CF8-8AF6-0A3F33C4EE4D}.Debug|Any CPU.Build.0 = Debug|Any CPU
		{00E5B683-C821-4CF8-8AF6-0A3F33C4EE4D}.Release|Any CPU.ActiveCfg = Release|Any CPU
		{00E5B683-C821-4CF8-8AF6-0A3F33C4EE4D}.Release|Any CPU.Build.0 = Release|Any CPU
		{AA0616FD-A8FC-4C1B-9876-99850FB2DDFC}.Debug|Any CPU.ActiveCfg = Debug|Any CPU
		{AA0616FD-A8FC-4C1B-9876-99850FB2DDFC}.Debug|Any CPU.Build.0 = Debug|Any CPU
		{AA0616FD-A8FC-4C1B-9876-99850FB2DDFC}.Release|Any CPU.ActiveCfg = Release|Any CPU
		{AA0616FD-A8FC-4C1B-9876-99850FB2DDFC}.Release|Any CPU.Build.0 = Release|Any CPU
	EndGlobalSection
	GlobalSection(SolutionProperties) = preSolution
		HideSolutionNode = FALSE
	EndGlobalSection
	GlobalSection(NestedProjects) = preSolution
		{4076051B-F549-4A50-9530-51750B258180} = {D60CAA9F-B701-4E18-8810-E98FD2FC5CED}
		{A45BB25C-C46C-4A86-9FAE-863389922D9D} = {E80BBCF5-A657-483E-A527-C237A1956E26}
		{C8216F57-F058-48D6-9CA7-D5A4E448A712} = {D60CAA9F-B701-4E18-8810-E98FD2FC5CED}
		{34565F6D-9C3D-403E-9330-79196FA7AEF1} = {D60CAA9F-B701-4E18-8810-E98FD2FC5CED}
		{BE840401-8626-428E-B01E-30F2F7AFB508} = {D60CAA9F-B701-4E18-8810-E98FD2FC5CED}
		{073148E0-EF7B-4284-8C87-DC97A5453D63} = {D60CAA9F-B701-4E18-8810-E98FD2FC5CED}
		{86C8A88F-A89E-4762-AA1D-57879A961F0B} = {D1ED4F4F-AF85-460A-9002-E12D48D643E7}
		{E6C8D43F-7156-4384-810B-5B019E86875B} = {E80BBCF5-A657-483E-A527-C237A1956E26}
		{78042998-BE9C-48F3-97A7-01754868D9D3} = {E80BBCF5-A657-483E-A527-C237A1956E26}
		{CBFCAC68-C475-4A77-946E-71043007BFDC} = {E80BBCF5-A657-483E-A527-C237A1956E26}
		{00E5B683-C821-4CF8-8AF6-0A3F33C4EE4D} = {E80BBCF5-A657-483E-A527-C237A1956E26}
		{AA0616FD-A8FC-4C1B-9876-99850FB2DDFC} = {E80BBCF5-A657-483E-A527-C237A1956E26}
	EndGlobalSection
	GlobalSection(ExtensibilityGlobals) = postSolution
		SolutionGuid = {AA3070DF-12BD-4E19-ACC4-C212382C8FE0}
	EndGlobalSection
EndGlobal
